PODS:
  - FrostedSidebar (1.0.0)
  - SVProgressHUD (2.1.2)

DEPENDENCIES:
  - FrostedSidebar
  - SVProgressHUD

SPEC CHECKSUMS:
  FrostedSidebar: f86c6843cabd5d456f9234afb6eea22a7512532f
  SVProgressHUD: c404a55d78acbeb7ebb78b76d3faf986475a6994

PODFILE CHECKSUM: 4f92955d9a6c2db683daad1934788ca846dca480

COCOAPODS: 1.2.0
